
Microsoft Visual Studio Solution File, Format Version 12.00
# Visual Studio Version 17
VisualStudioVersion = 17.7.34031.279
MinimumVisualStudioVersion = 10.0.40219.1
Project("{9A19103F-16F7-4668-BE54-9A1E7A4F7556}") = "QTDAWeb", "QTDAWeb.csproj", "{77E1F8CD-017B-43E9-A17F-3437DDF1411A}"
EndProject
Project("{9A19103F-16F7-4668-BE54-9A1E7A4F7556}") = "QTDA.DataAccess", "..\QTDA.DataAccess\QTDA.DataAccess.csproj", "{B23612C8-0F48-4C66-AFDB-4D49E9E81324}"
EndProject
Project("{9A19103F-16F7-4668-BE54-9A1E7A4F7556}") = "QTDA.Utility", "..\QTDA.Utility\QTDA.Utility.csproj", "{74060D3A-21C5-4D25-9ED8-7CEF6FF0C41A}"
EndProject
Project("{9A19103F-16F7-4668-BE54-9A1E7A4F7556}") = "QTDA.Models", "..\QTDA.Models\QTDA.Models.csproj", "{C0D322B4-C8A5-4C2E-B929-9344BDB8BDA5}"
EndProject
Global
	GlobalSection(SolutionConfigurationPlatforms) = preSolution
		Debug|Any CPU = Debug|Any CPU
		Release|Any CPU = Release|Any CPU
	EndGlobalSection
	GlobalSection(ProjectConfigurationPlatforms) = postSolution
		{77E1F8CD-017B-43E9-A17F-3437DDF1411A}.Debug|Any CPU.ActiveCfg = Debug|Any CPU
		{77E1F8CD-017B-43E9-A17F-3437DDF1411A}.Debug|Any CPU.Build.0 = Debug|Any CPU
		{77E1F8CD-017B-43E9-A17F-3437DDF1411A}.Release|Any CPU.ActiveCfg = Release|Any CPU
		{77E1F8CD-017B-43E9-A17F-3437DDF1411A}.Release|Any CPU.Build.0 = Release|Any CPU
		{B23612C8-0F48-4C66-AFDB-4D49E9E81324}.Debug|Any CPU.ActiveCfg = Debug|Any CPU
		{B23612C8-0F48-4C66-AFDB-4D49E9E81324}.Debug|Any CPU.Build.0 = Debug|Any CPU
		{B23612C8-0F48-4C66-AFDB-4D49E9E81324}.Release|Any CPU.ActiveCfg = Release|Any CPU
		{B23612C8-0F48-4C66-AFDB-4D49E9E81324}.Release|Any CPU.Build.0 = Release|Any CPU
		{74060D3A-21C5-4D25-9ED8-7CEF6FF0C41A}.Debug|Any CPU.ActiveCfg = Debug|Any CPU
		{74060D3A-21C5-4D25-9ED8-7CEF6FF0C41A}.Debug|Any CPU.Build.0 = Debug|Any CPU
		{74060D3A-21C5-4D25-9ED8-7CEF6FF0C41A}.Release|Any CPU.ActiveCfg = Release|Any CPU
		{74060D3A-21C5-4D25-9ED8-7CEF6FF0C41A}.Release|Any CPU.Build.0 = Release|Any CPU
		{C0D322B4-C8A5-4C2E-B929-9344BDB8BDA5}.Debug|Any CPU.ActiveCfg = Debug|Any CPU
		{C0D322B4-C8A5-4C2E-B929-9344BDB8BDA5}.Debug|Any CPU.Build.0 = Debug|Any CPU
		{C0D322B4-C8A5-4C2E-B929-9344BDB8BDA5}.Release|Any CPU.ActiveCfg = Release|Any CPU
		{C0D322B4-C8A5-4C2E-B929-9344BDB8BDA5}.Release|Any CPU.Build.0 = Release|Any CPU
	EndGlobalSection
	GlobalSection(SolutionProperties) = preSolution
		HideSolutionNode = FALSE
	EndGlobalSection
	GlobalSection(ExtensibilityGlobals) = postSolution
		SolutionGuid = {A590F5DA-DE73-40A1-AE9B-E2B104E6E84C}
	EndGlobalSection
EndGlobal
